// !$*UTF8*$!
{
	archiveVersion = 1;
	classes = {
	};
	objectVersion = 46;
	objects = {

/* Begin PBXBuildFile section */
		0309E72115D24525004FDD58 /* TrackBkg.png in Resources */ = {isa = PBXBuildFile; fileRef = 0309E71515D24525004FDD58 /* TrackBkg.png */; };
		0309E72215D24525004FDD58 /* CompBtn.png in Resources */ = {isa = PBXBuildFile; fileRef = 0309E71615D24525004FDD58 /* CompBtn.png */; };
		0309E72315D24525004FDD58 /* DetailedComp.png in Resources */ = {isa = PBXBuildFile; fileRef = 0309E71715D24525004FDD58 /* DetailedComp.png */; };
		0309E72415D24525004FDD58 /* DetailedEQ.png in Resources */ = {isa = PBXBuildFile; fileRef = 0309E71815D24525004FDD58 /* DetailedEQ.png */; };
		0309E72515D24525004FDD58 /* DetailedGate.png in Resources */ = {isa = PBXBuildFile; fileRef = 0309E71915D24525004FDD58 /* DetailedGate.png */; };
		0309E72615D24525004FDD58 /* EQBtn.png in Resources */ = {isa = PBXBuildFile; fileRef = 0309E71A15D24525004FDD58 /* EQBtn.png */; };
		0309E72715D24525004FDD58 /* FaderCap.png in Resources */ = {isa = PBXBuildFile; fileRef = 0309E71B15D24525004FDD58 /* FaderCap.png */; };
		0309E72815D24525004FDD58 /* GateBtn.png in Resources */ = {isa = PBXBuildFile; fileRef = 0309E71C15D24525004FDD58 /* GateBtn.png */; };
		0309E72A15D24525004FDD58 /* MuteBtn.png in Resources */ = {isa = PBXBuildFile; fileRef = 0309E71E15D24525004FDD58 /* MuteBtn.png */; };
		0309E72B15D24525004FDD58 /* SoloBtn.png in Resources */ = {isa = PBXBuildFile; fileRef = 0309E71F15D24525004FDD58 /* SoloBtn.png */; };
		0309E74615D260FB004FDD58 /* VolumeSlider.png in Resources */ = {isa = PBXBuildFile; fileRef = 0309E74515D260FB004FDD58 /* VolumeSlider.png */; };
		03159B2415F5BE1C00B82888 /* Settings.m in Sources */ = {isa = PBXBuildFile; fileRef = 03159B2315F5BE1C00B82888 /* Settings.m */; };
		031C9D3E15EDECDC00ED2898 /* OSCManagerController.m in Sources */ = {isa = PBXBuildFile; fileRef = 031C9D3D15EDECDC00ED2898 /* OSCManagerController.m */; };
		032504B915EC8B2B008B0E19 /* MapKit.framework in Frameworks */ = {isa = PBXBuildFile; fileRef = 032504B815EC8B2B008B0E19 /* MapKit.framework */; };
		032504BB15EC8B37008B0E19 /* CoreLocation.framework in Frameworks */ = {isa = PBXBuildFile; fileRef = 032504BA15EC8B37008B0E19 /* CoreLocation.framework */; };
		032504C115EC8C46008B0E19 /* libQuickDialog.a in Frameworks */ = {isa = PBXBuildFile; fileRef = 032504B515EC89D2008B0E19 /* libQuickDialog.a */; };
		032504C715EC998A008B0E19 /* SettingsViewController.m in Sources */ = {isa = PBXBuildFile; fileRef = 032504C615EC998A008B0E19 /* SettingsViewController.m */; };
		0328372B15F2F21A000B29DC /* MeterMax.png in Resources */ = {isa = PBXBuildFile; fileRef = 0328372915F2F21A000B29DC /* MeterMax.png */; };
		0328372C15F2F21A000B29DC /* MeterMin.png in Resources */ = {isa = PBXBuildFile; fileRef = 0328372A15F2F21A000B29DC /* MeterMin.png */; };
		032F9243167EE48500C9B699 /* NSMutableArray+Tracks.m in Sources */ = {isa = PBXBuildFile; fileRef = 032F9242167EE48500C9B699 /* NSMutableArray+Tracks.m */; };
		03306F4815E17F9E0094DF14 /* Eq.m in Sources */ = {isa = PBXBuildFile; fileRef = 03306F4715E17F9E0094DF14 /* Eq.m */; };
		0345FB5215D3660F009130E2 /* VerticalSlider.m in Sources */ = {isa = PBXBuildFile; fileRef = 0345FB5115D3660F009130E2 /* VerticalSlider.m */; };
		0348F52215E9A58300992A0D /* Complex.m in Sources */ = {isa = PBXBuildFile; fileRef = 0348F52115E9A58200992A0D /* Complex.m */; };
		036181DB15EB2214001FB621 /* AuxViewController.m in Sources */ = {isa = PBXBuildFile; fileRef = 036181D915EB2214001FB621 /* AuxViewController.m */; };
		036181E515EB2DA3001FB621 /* AuxViewController.xib in Resources */ = {isa = PBXBuildFile; fileRef = 036181E415EB2DA3001FB621 /* AuxViewController.xib */; };
		03712C4E15D82E4D00EC9665 /* Knob-Selector.png in Resources */ = {isa = PBXBuildFile; fileRef = 03712C4C15D82E4D00EC9665 /* Knob-Selector.png */; };
		03712C4F15D82E4D00EC9665 /* Knob.png in Resources */ = {isa = PBXBuildFile; fileRef = 03712C4D15D82E4D00EC9665 /* Knob.png */; };
		03712C5815D882F600EC9665 /* EqCurveView.m in Sources */ = {isa = PBXBuildFile; fileRef = 03712C5715D882F600EC9665 /* EqCurveView.m */; };
		03712C5B15D8ADC400EC9665 /* EqPointsView.m in Sources */ = {isa = PBXBuildFile; fileRef = 03712C5A15D8ADC300EC9665 /* EqPointsView.m */; };
		03712C6215D8B62900EC9665 /* EqViewController.m in Sources */ = {isa = PBXBuildFile; fileRef = 03712C6115D8B62900EC9665 /* EqViewController.m */; };
		039AD79A167191C300980B62 /* TracksViewController.xib in Resources */ = {isa = PBXBuildFile; fileRef = 039AD799167191C300980B62 /* TracksViewController.xib */; };
		03A40B1115F1D65A00CE0FAD /* EqButton.m in Sources */ = {isa = PBXBuildFile; fileRef = 03A40B1015F1D65900CE0FAD /* EqButton.m */; };
		03ADD57115BCFC0900EBDC71 /* UIKit.framework in Frameworks */ = {isa = PBXBuildFile; fileRef = 03ADD57015BCFC0900EBDC71 /* UIKit.framework */; };
		03ADD57315BCFC0900EBDC71 /* Foundation.framework in Frameworks */ = {isa = PBXBuildFile; fileRef = 03ADD57215BCFC0900EBDC71 /* Foundation.framework */; };
		03ADD57515BCFC0900EBDC71 /* CoreGraphics.framework in Frameworks */ = {isa = PBXBuildFile; fileRef = 03ADD57415BCFC0900EBDC71 /* CoreGraphics.framework */; };
		03ADD57B15BCFC0900EBDC71 /* InfoPlist.strings in Resources */ = {isa = PBXBuildFile; fileRef = 03ADD57915BCFC0900EBDC71 /* InfoPlist.strings */; };
		03ADD57D15BCFC0900EBDC71 /* main.m in Sources */ = {isa = PBXBuildFile; fileRef = 03ADD57C15BCFC0900EBDC71 /* main.m */; };
		03ADD58115BCFC0900EBDC71 /* AppDelegate.m in Sources */ = {isa = PBXBuildFile; fileRef = 03ADD58015BCFC0900EBDC71 /* AppDelegate.m */; };
		03ADD58415BCFC0900EBDC71 /* TracksViewController.m in Sources */ = {isa = PBXBuildFile; fileRef = 03ADD58315BCFC0900EBDC71 /* TracksViewController.m */; };
		03ADD59515BD0FFE00EBDC71 /* TrackTableCell.xib in Resources */ = {isa = PBXBuildFile; fileRef = 03ADD59415BD0CD100EBDC71 /* TrackTableCell.xib */; };
		03ADD59615BD102D00EBDC71 /* TrackTableCell.m in Sources */ = {isa = PBXBuildFile; fileRef = 03ADD59315BD0CD100EBDC71 /* TrackTableCell.m */; };
		03ADD59915BD107F00EBDC71 /* Track.m in Sources */ = {isa = PBXBuildFile; fileRef = 03ADD59815BD107F00EBDC71 /* Track.m */; };
		03B0FB7515FDB1E800DD81CC /* TracksIcon.png in Resources */ = {isa = PBXBuildFile; fileRef = 03B0FB7415FDB1E800DD81CC /* TracksIcon.png */; };
		03C867F615C6617F001ECCAD /* VolumeSlider.m in Sources */ = {isa = PBXBuildFile; fileRef = 03C867F515C6617E001ECCAD /* VolumeSlider.m */; };
		03D8BAB515FDBA1F006F3B90 /* CloseButton.png in Resources */ = {isa = PBXBuildFile; fileRef = 03D8BAB415FDBA1F006F3B90 /* CloseButton.png */; };
		03D8BAB715FDBB38006F3B90 /* EQPoint.png in Resources */ = {isa = PBXBuildFile; fileRef = 03D8BAB615FDBB38006F3B90 /* EQPoint.png */; };
		03D8BAB915FDC94A006F3B90 /* SettingsIcon.png in Resources */ = {isa = PBXBuildFile; fileRef = 03D8BAB815FDC94A006F3B90 /* SettingsIcon.png */; };
		03F2326C15C0E0D1009B0390 /* CompView.m in Sources */ = {isa = PBXBuildFile; fileRef = 03F2326B15C0E0D1009B0390 /* CompView.m */; };
		03F2326E15C0E0E3009B0390 /* CompView.xib in Resources */ = {isa = PBXBuildFile; fileRef = 03F2326D15C0E0E3009B0390 /* CompView.xib */; };
		03F2327715C0E4DB009B0390 /* GateView.m in Sources */ = {isa = PBXBuildFile; fileRef = 03F2327615C0E4DA009B0390 /* GateView.m */; };
		03F2327915C0E4E9009B0390 /* EQView.xib in Resources */ = {isa = PBXBuildFile; fileRef = 03F2327815C0E4E9009B0390 /* EQView.xib */; };
		03F2327B15C0E4FB009B0390 /* GateView.xib in Resources */ = {isa = PBXBuildFile; fileRef = 03F2327A15C0E4FB009B0390 /* GateView.xib */; };
		03F292F815C63E3A007D1440 /* DetailedTrackViewController.m in Sources */ = {isa = PBXBuildFile; fileRef = 03F292F715C63E3A007D1440 /* DetailedTrackViewController.m */; };
		03F3CD7015D38552006AD784 /* MHRotaryKnob.m in Sources */ = {isa = PBXBuildFile; fileRef = 03F3CD6F15D38552006AD784 /* MHRotaryKnob.m */; };
/* End PBXBuildFile section */

/* Begin PBXContainerItemProxy section */
		032504B215EC89D2008B0E19 /* PBXContainerItemProxy */ = {
			isa = PBXContainerItemProxy;
			containerPortal = 032504A915EC89D1008B0E19 /* QuickDialog.xcodeproj */;
			proxyType = 2;
			remoteGlobalIDString = D80B0E3313E052DF00FA85CA;
			remoteInfo = QuickDialogExample;
		};
		032504B415EC89D2008B0E19 /* PBXContainerItemProxy */ = {
			isa = PBXContainerItemProxy;
			containerPortal = 032504A915EC89D1008B0E19 /* QuickDialog.xcodeproj */;
			proxyType = 2;
			remoteGlobalIDString = 2C542393145ADEBD0026A152;
			remoteInfo = QuickDialog;
		};
/* End PBXContainerItemProxy section */

/* Begin PBXFileReference section */
		0309E71515D24525004FDD58 /* TrackBkg.png */ = {isa = PBXFileReference; lastKnownFileType = image.png; path = TrackBkg.png; sourceTree = "<group>"; };
		0309E71615D24525004FDD58 /* CompBtn.png */ = {isa = PBXFileReference; lastKnownFileType = image.png; path = CompBtn.png; sourceTree = "<group>"; };
		0309E71715D24525004FDD58 /* DetailedComp.png */ = {isa = PBXFileReference; lastKnownFileType = image.png; path = DetailedComp.png; sourceTree = "<group>"; };
		0309E71815D24525004FDD58 /* DetailedEQ.png */ = {isa = PBXFileReference; lastKnownFileType = image.png; path = DetailedEQ.png; sourceTree = "<group>"; };
		0309E71915D24525004FDD58 /* DetailedGate.png */ = {isa = PBXFileReference; lastKnownFileType = image.png; path = DetailedGate.png; sourceTree = "<group>"; };
		0309E71A15D24525004FDD58 /* EQBtn.png */ = {isa = PBXFileReference; lastKnownFileType = image.png; path = EQBtn.png; sourceTree = "<group>"; };
		0309E71B15D24525004FDD58 /* FaderCap.png */ = {isa = PBXFileReference; lastKnownFileType = image.png; path = FaderCap.png; sourceTree = "<group>"; };
		0309E71C15D24525004FDD58 /* GateBtn.png */ = {isa = PBXFileReference; lastKnownFileType = image.png; path = GateBtn.png; sourceTree = "<group>"; };
		0309E71E15D24525004FDD58 /* MuteBtn.png */ = {isa = PBXFileReference; lastKnownFileType = image.png; path = MuteBtn.png; sourceTree = "<group>"; };
		0309E71F15D24525004FDD58 /* SoloBtn.png */ = {isa = PBXFileReference; lastKnownFileType = image.png; path = SoloBtn.png; sourceTree = "<group>"; };
		0309E74515D260FB004FDD58 /* VolumeSlider.png */ = {isa = PBXFileReference; lastKnownFileType = image.png; path = VolumeSlider.png; sourceTree = "<group>"; };
		03159B2215F5BE1C00B82888 /* Settings.h */ = {isa = PBXFileReference; fileEncoding = 4; lastKnownFileType = sourcecode.c.h; path = Settings.h; sourceTree = "<group>"; };
		03159B2315F5BE1C00B82888 /* Settings.m */ = {isa = PBXFileReference; fileEncoding = 4; lastKnownFileType = sourcecode.c.objc; path = Settings.m; sourceTree = "<group>"; };
		031C9D3C15EDECDC00ED2898 /* OSCManagerController.h */ = {isa = PBXFileReference; fileEncoding = 4; lastKnownFileType = sourcecode.c.h; path = OSCManagerController.h; sourceTree = "<group>"; };
		031C9D3D15EDECDC00ED2898 /* OSCManagerController.m */ = {isa = PBXFileReference; fileEncoding = 4; lastKnownFileType = sourcecode.c.objc; path = OSCManagerController.m; sourceTree = "<group>"; };
		032504A915EC89D1008B0E19 /* QuickDialog.xcodeproj */ = {isa = PBXFileReference; lastKnownFileType = "wrapper.pb-project"; name = QuickDialog.xcodeproj; path = QuickDialog/QuickDialog.xcodeproj; sourceTree = "<group>"; };
		032504B815EC8B2B008B0E19 /* MapKit.framework */ = {isa = PBXFileReference; lastKnownFileType = wrapper.framework; name = MapKit.framework; path = System/Library/Frameworks/MapKit.framework; sourceTree = SDKROOT; };
		032504BA15EC8B37008B0E19 /* CoreLocation.framework */ = {isa = PBXFileReference; lastKnownFileType = wrapper.framework; name = CoreLocation.framework; path = System/Library/Frameworks/CoreLocation.framework; sourceTree = SDKROOT; };
		032504C515EC9989008B0E19 /* SettingsViewController.h */ = {isa = PBXFileReference; fileEncoding = 4; lastKnownFileType = sourcecode.c.h; path = SettingsViewController.h; sourceTree = "<group>"; };
		032504C615EC998A008B0E19 /* SettingsViewController.m */ = {isa = PBXFileReference; fileEncoding = 4; lastKnownFileType = sourcecode.c.objc; path = SettingsViewController.m; sourceTree = "<group>"; };
		0328372915F2F21A000B29DC /* MeterMax.png */ = {isa = PBXFileReference; lastKnownFileType = image.png; path = MeterMax.png; sourceTree = "<group>"; };
		0328372A15F2F21A000B29DC /* MeterMin.png */ = {isa = PBXFileReference; lastKnownFileType = image.png; path = MeterMin.png; sourceTree = "<group>"; };
		032F9241167EE48500C9B699 /* NSMutableArray+Tracks.h */ = {isa = PBXFileReference; fileEncoding = 4; lastKnownFileType = sourcecode.c.h; path = "NSMutableArray+Tracks.h"; sourceTree = "<group>"; };
		032F9242167EE48500C9B699 /* NSMutableArray+Tracks.m */ = {isa = PBXFileReference; fileEncoding = 4; lastKnownFileType = sourcecode.c.objc; path = "NSMutableArray+Tracks.m"; sourceTree = "<group>"; };
		03306F4615E17F9E0094DF14 /* Eq.h */ = {isa = PBXFileReference; fileEncoding = 4; lastKnownFileType = sourcecode.c.h; path = Eq.h; sourceTree = "<group>"; };
		03306F4715E17F9E0094DF14 /* Eq.m */ = {isa = PBXFileReference; fileEncoding = 4; lastKnownFileType = sourcecode.c.objc; path = Eq.m; sourceTree = "<group>"; };
		033682E515F723F1000CEA96 /* OSCMessagingProtocol.h */ = {isa = PBXFileReference; lastKnownFileType = sourcecode.c.h; path = OSCMessagingProtocol.h; sourceTree = "<group>"; };
		0345FB5015D3660F009130E2 /* VerticalSlider.h */ = {isa = PBXFileReference; fileEncoding = 4; lastKnownFileType = sourcecode.c.h; path = VerticalSlider.h; sourceTree = "<group>"; };
		0345FB5115D3660F009130E2 /* VerticalSlider.m */ = {isa = PBXFileReference; fileEncoding = 4; lastKnownFileType = sourcecode.c.objc; path = VerticalSlider.m; sourceTree = "<group>"; };
		0348F52015E9A58200992A0D /* Complex.h */ = {isa = PBXFileReference; fileEncoding = 4; lastKnownFileType = sourcecode.c.h; path = Complex.h; sourceTree = "<group>"; };
		0348F52115E9A58200992A0D /* Complex.m */ = {isa = PBXFileReference; fileEncoding = 4; lastKnownFileType = sourcecode.c.objc; path = Complex.m; sourceTree = "<group>"; };
		036181D815EB2214001FB621 /* AuxViewController.h */ = {isa = PBXFileReference; fileEncoding = 4; lastKnownFileType = sourcecode.c.h; path = AuxViewController.h; sourceTree = "<group>"; };
		036181D915EB2214001FB621 /* AuxViewController.m */ = {isa = PBXFileReference; fileEncoding = 4; lastKnownFileType = sourcecode.c.objc; path = AuxViewController.m; sourceTree = "<group>"; };
		036181E415EB2DA3001FB621 /* AuxViewController.xib */ = {isa = PBXFileReference; fileEncoding = 4; lastKnownFileType = file.xib; path = AuxViewController.xib; sourceTree = "<group>"; };
		03712C4C15D82E4D00EC9665 /* Knob-Selector.png */ = {isa = PBXFileReference; lastKnownFileType = image.png; path = "Knob-Selector.png"; sourceTree = "<group>"; };
		03712C4D15D82E4D00EC9665 /* Knob.png */ = {isa = PBXFileReference; lastKnownFileType = image.png; path = Knob.png; sourceTree = "<group>"; };
		03712C5615D882F600EC9665 /* EqCurveView.h */ = {isa = PBXFileReference; fileEncoding = 4; lastKnownFileType = sourcecode.c.h; path = EqCurveView.h; sourceTree = "<group>"; };
		03712C5715D882F600EC9665 /* EqCurveView.m */ = {isa = PBXFileReference; fileEncoding = 4; lastKnownFileType = sourcecode.c.objc; path = EqCurveView.m; sourceTree = "<group>"; };
		03712C5915D8ADC300EC9665 /* EqPointsView.h */ = {isa = PBXFileReference; fileEncoding = 4; lastKnownFileType = sourcecode.c.h; path = EqPointsView.h; sourceTree = "<group>"; };
		03712C5A15D8ADC300EC9665 /* EqPointsView.m */ = {isa = PBXFileReference; fileEncoding = 4; lastKnownFileType = sourcecode.c.objc; path = EqPointsView.m; sourceTree = "<group>"; };
		03712C6015D8B62900EC9665 /* EqViewController.h */ = {isa = PBXFileReference; fileEncoding = 4; lastKnownFileType = sourcecode.c.h; path = EqViewController.h; sourceTree = "<group>"; };
		03712C6115D8B62900EC9665 /* EqViewController.m */ = {isa = PBXFileReference; fileEncoding = 4; lastKnownFileType = sourcecode.c.objc; path = EqViewController.m; sourceTree = "<group>"; };
		039AD799167191C300980B62 /* TracksViewController.xib */ = {isa = PBXFileReference; fileEncoding = 4; lastKnownFileType = file.xib; path = TracksViewController.xib; sourceTree = "<group>"; };
		03A40B0F15F1D65900CE0FAD /* EqButton.h */ = {isa = PBXFileReference; fileEncoding = 4; lastKnownFileType = sourcecode.c.h; path = EqButton.h; sourceTree = "<group>"; };
		03A40B1015F1D65900CE0FAD /* EqButton.m */ = {isa = PBXFileReference; fileEncoding = 4; lastKnownFileType = sourcecode.c.objc; path = EqButton.m; sourceTree = "<group>"; };
		03ADD56C15BCFC0900EBDC71 /* TotalMixLive.app */ = {isa = PBXFileReference; explicitFileType = wrapper.application; includeInIndex = 0; path = TotalMixLive.app; sourceTree = BUILT_PRODUCTS_DIR; };
		03ADD57015BCFC0900EBDC71 /* UIKit.framework */ = {isa = PBXFileReference; lastKnownFileType = wrapper.framework; name = UIKit.framework; path = System/Library/Frameworks/UIKit.framework; sourceTree = SDKROOT; };
		03ADD57215BCFC0900EBDC71 /* Foundation.framework */ = {isa = PBXFileReference; lastKnownFileType = wrapper.framework; name = Foundation.framework; path = System/Library/Frameworks/Foundation.framework; sourceTree = SDKROOT; };
		03ADD57415BCFC0900EBDC71 /* CoreGraphics.framework */ = {isa = PBXFileReference; lastKnownFileType = wrapper.framework; name = CoreGraphics.framework; path = System/Library/Frameworks/CoreGraphics.framework; sourceTree = SDKROOT; };
		03ADD57815BCFC0900EBDC71 /* TotalMixLive-Info.plist */ = {isa = PBXFileReference; lastKnownFileType = text.plist.xml; path = "TotalMixLive-Info.plist"; sourceTree = "<group>"; };
		03ADD57A15BCFC0900EBDC71 /* en */ = {isa = PBXFileReference; lastKnownFileType = text.plist.strings; name = en; path = en.lproj/InfoPlist.strings; sourceTree = "<group>"; };
		03ADD57C15BCFC0900EBDC71 /* main.m */ = {isa = PBXFileReference; lastKnownFileType = sourcecode.c.objc; path = main.m; sourceTree = "<group>"; };
		03ADD57E15BCFC0900EBDC71 /* TotalMixLive-Prefix.pch */ = {isa = PBXFileReference; lastKnownFileType = sourcecode.c.h; path = "TotalMixLive-Prefix.pch"; sourceTree = "<group>"; };
		03ADD57F15BCFC0900EBDC71 /* AppDelegate.h */ = {isa = PBXFileReference; lastKnownFileType = sourcecode.c.h; path = AppDelegate.h; sourceTree = "<group>"; };
		03ADD58015BCFC0900EBDC71 /* AppDelegate.m */ = {isa = PBXFileReference; lastKnownFileType = sourcecode.c.objc; path = AppDelegate.m; sourceTree = "<group>"; };
		03ADD58215BCFC0900EBDC71 /* TracksViewController.h */ = {isa = PBXFileReference; lastKnownFileType = sourcecode.c.h; path = TracksViewController.h; sourceTree = "<group>"; };
		03ADD58315BCFC0900EBDC71 /* TracksViewController.m */ = {isa = PBXFileReference; lastKnownFileType = sourcecode.c.objc; path = TracksViewController.m; sourceTree = "<group>"; };
		03ADD59215BD0CD100EBDC71 /* TrackTableCell.h */ = {isa = PBXFileReference; lastKnownFileType = sourcecode.c.h; path = TrackTableCell.h; sourceTree = "<group>"; };
		03ADD59315BD0CD100EBDC71 /* TrackTableCell.m */ = {isa = PBXFileReference; lastKnownFileType = sourcecode.c.objc; path = TrackTableCell.m; sourceTree = "<group>"; };
		03ADD59415BD0CD100EBDC71 /* TrackTableCell.xib */ = {isa = PBXFileReference; lastKnownFileType = file.xib; path = TrackTableCell.xib; sourceTree = "<group>"; };
		03ADD59715BD107F00EBDC71 /* Track.h */ = {isa = PBXFileReference; fileEncoding = 4; lastKnownFileType = sourcecode.c.h; path = Track.h; sourceTree = "<group>"; };
		03ADD59815BD107F00EBDC71 /* Track.m */ = {isa = PBXFileReference; fileEncoding = 4; lastKnownFileType = sourcecode.c.objc; path = Track.m; sourceTree = "<group>"; };
		03B0FB7415FDB1E800DD81CC /* TracksIcon.png */ = {isa = PBXFileReference; lastKnownFileType = image.png; path = TracksIcon.png; sourceTree = "<group>"; };
		03BC576D15EF1BA400414B32 /* DetailedTrackViewController.h */ = {isa = PBXFileReference; fileEncoding = 4; lastKnownFileType = sourcecode.c.h; path = DetailedTrackViewController.h; sourceTree = "<group>"; };
		03BDCAA115D8DBCC0060456B /* Constants.h */ = {isa = PBXFileReference; fileEncoding = 4; lastKnownFileType = sourcecode.c.h; name = Constants.h; path = src/Constants.h; sourceTree = "<group>"; };
		03C867F415C6617E001ECCAD /* VolumeSlider.h */ = {isa = PBXFileReference; fileEncoding = 4; lastKnownFileType = sourcecode.c.h; path = VolumeSlider.h; sourceTree = "<group>"; };
		03C867F515C6617E001ECCAD /* VolumeSlider.m */ = {isa = PBXFileReference; fileEncoding = 4; lastKnownFileType = sourcecode.c.objc; path = VolumeSlider.m; sourceTree = "<group>"; };
		03D8BAB415FDBA1F006F3B90 /* CloseButton.png */ = {isa = PBXFileReference; lastKnownFileType = image.png; path = CloseButton.png; sourceTree = "<group>"; };
		03D8BAB615FDBB38006F3B90 /* EQPoint.png */ = {isa = PBXFileReference; lastKnownFileType = image.png; path = EQPoint.png; sourceTree = "<group>"; };
		03D8BAB815FDC94A006F3B90 /* SettingsIcon.png */ = {isa = PBXFileReference; lastKnownFileType = image.png; path = SettingsIcon.png; sourceTree = "<group>"; };
		03F2326A15C0E0D1009B0390 /* CompView.h */ = {isa = PBXFileReference; fileEncoding = 4; lastKnownFileType = sourcecode.c.h; path = CompView.h; sourceTree = "<group>"; };
		03F2326B15C0E0D1009B0390 /* CompView.m */ = {isa = PBXFileReference; fileEncoding = 4; lastKnownFileType = sourcecode.c.objc; path = CompView.m; sourceTree = "<group>"; };
		03F2326D15C0E0E3009B0390 /* CompView.xib */ = {isa = PBXFileReference; fileEncoding = 4; lastKnownFileType = file.xib; path = CompView.xib; sourceTree = "<group>"; };
		03F2327515C0E4DA009B0390 /* GateView.h */ = {isa = PBXFileReference; fileEncoding = 4; lastKnownFileType = sourcecode.c.h; path = GateView.h; sourceTree = "<group>"; };
		03F2327615C0E4DA009B0390 /* GateView.m */ = {isa = PBXFileReference; fileEncoding = 4; lastKnownFileType = sourcecode.c.objc; path = GateView.m; sourceTree = "<group>"; };
		03F2327815C0E4E9009B0390 /* EQView.xib */ = {isa = PBXFileReference; fileEncoding = 4; lastKnownFileType = file.xib; path = EQView.xib; sourceTree = "<group>"; };
		03F2327A15C0E4FB009B0390 /* GateView.xib */ = {isa = PBXFileReference; fileEncoding = 4; lastKnownFileType = file.xib; path = GateView.xib; sourceTree = "<group>"; };
		03F292F715C63E3A007D1440 /* DetailedTrackViewController.m */ = {isa = PBXFileReference; fileEncoding = 4; lastKnownFileType = sourcecode.c.objc; path = DetailedTrackViewController.m; sourceTree = "<group>"; };
		03F3CD6E15D38552006AD784 /* MHRotaryKnob.h */ = {isa = PBXFileReference; fileEncoding = 4; lastKnownFileType = sourcecode.c.h; path = MHRotaryKnob.h; sourceTree = "<group>"; };
		03F3CD6F15D38552006AD784 /* MHRotaryKnob.m */ = {isa = PBXFileReference; fileEncoding = 4; lastKnownFileType = sourcecode.c.objc; path = MHRotaryKnob.m; sourceTree = "<group>"; };
/* End PBXFileReference section */

/* Begin PBXFrameworksBuildPhase section */
		03ADD56915BCFC0900EBDC71 /* Frameworks */ = {
			isa = PBXFrameworksBuildPhase;
			buildActionMask = 2147483647;
			files = (
				032504C115EC8C46008B0E19 /* libQuickDialog.a in Frameworks */,
				032504BB15EC8B37008B0E19 /* CoreLocation.framework in Frameworks */,
				032504B915EC8B2B008B0E19 /* MapKit.framework in Frameworks */,
				03ADD57115BCFC0900EBDC71 /* UIKit.framework in Frameworks */,
				03ADD57315BCFC0900EBDC71 /* Foundation.framework in Frameworks */,
				03ADD57515BCFC0900EBDC71 /* CoreGraphics.framework in Frameworks */,
			);
			runOnlyForDeploymentPostprocessing = 0;
		};
/* End PBXFrameworksBuildPhase section */

/* Begin PBXGroup section */
		0309E6E215D2405C004FDD58 /* @1x */ = {
			isa = PBXGroup;
			children = (
				03D8BAB815FDC94A006F3B90 /* SettingsIcon.png */,
				03D8BAB415FDBA1F006F3B90 /* CloseButton.png */,
				03B0FB7415FDB1E800DD81CC /* TracksIcon.png */,
				0328372915F2F21A000B29DC /* MeterMax.png */,
				0328372A15F2F21A000B29DC /* MeterMin.png */,
				03712C4C15D82E4D00EC9665 /* Knob-Selector.png */,
				03712C4D15D82E4D00EC9665 /* Knob.png */,
				0309E74515D260FB004FDD58 /* VolumeSlider.png */,
				03D8BAB615FDBB38006F3B90 /* EQPoint.png */,
				0309E71515D24525004FDD58 /* TrackBkg.png */,
				0309E71615D24525004FDD58 /* CompBtn.png */,
				0309E71715D24525004FDD58 /* DetailedComp.png */,
				0309E71815D24525004FDD58 /* DetailedEQ.png */,
				0309E71915D24525004FDD58 /* DetailedGate.png */,
				0309E71A15D24525004FDD58 /* EQBtn.png */,
				0309E71B15D24525004FDD58 /* FaderCap.png */,
				0309E71C15D24525004FDD58 /* GateBtn.png */,
				0309E71E15D24525004FDD58 /* MuteBtn.png */,
				0309E71F15D24525004FDD58 /* SoloBtn.png */,
			);
			name = "@1x";
			path = resources/images/1x;
			sourceTree = "<group>";
		};
		032504AA15EC89D1008B0E19 /* Products */ = {
			isa = PBXGroup;
			children = (
				032504B315EC89D2008B0E19 /* QuickDialogExample.app */,
				032504B515EC89D2008B0E19 /* libQuickDialog.a */,
			);
			name = Products;
			sourceTree = "<group>";
		};
		0328372815F29F70000B29DC /* OSC */ = {
			isa = PBXGroup;
			children = (
				033682E515F723F1000CEA96 /* OSCMessagingProtocol.h */,
				031C9D3C15EDECDC00ED2898 /* OSCManagerController.h */,
				031C9D3D15EDECDC00ED2898 /* OSCManagerController.m */,
			);
			name = OSC;
			sourceTree = "<group>";
		};
		0375A26715F3F4A300390740 /* Tracks */ = {
			isa = PBXGroup;
			children = (
				03ADD58215BCFC0900EBDC71 /* TracksViewController.h */,
				03ADD58315BCFC0900EBDC71 /* TracksViewController.m */,
				03BC576D15EF1BA400414B32 /* DetailedTrackViewController.h */,
				03F292F715C63E3A007D1440 /* DetailedTrackViewController.m */,
				03712C6015D8B62900EC9665 /* EqViewController.h */,
				03712C6115D8B62900EC9665 /* EqViewController.m */,
				0375A26D15F3FD3500390740 /* Views */,
			);
			name = Tracks;
			sourceTree = "<group>";
		};
		0375A26B15F3FC0B00390740 /* Aux */ = {
			isa = PBXGroup;
			children = (
				036181D815EB2214001FB621 /* AuxViewController.h */,
				036181D915EB2214001FB621 /* AuxViewController.m */,
			);
			name = Aux;
			sourceTree = "<group>";
		};
		0375A26C15F3FC2200390740 /* Settings */ = {
			isa = PBXGroup;
			children = (
				032504C515EC9989008B0E19 /* SettingsViewController.h */,
				032504C615EC998A008B0E19 /* SettingsViewController.m */,
				03159B2215F5BE1C00B82888 /* Settings.h */,
				03159B2315F5BE1C00B82888 /* Settings.m */,
			);
			name = Settings;
			sourceTree = "<group>";
		};
		0375A26D15F3FD3500390740 /* Views */ = {
			isa = PBXGroup;
			children = (
				03A40B0F15F1D65900CE0FAD /* EqButton.h */,
				03A40B1015F1D65900CE0FAD /* EqButton.m */,
				03F2326A15C0E0D1009B0390 /* CompView.h */,
				03F2326B15C0E0D1009B0390 /* CompView.m */,
				03F2327515C0E4DA009B0390 /* GateView.h */,
				03F2327615C0E4DA009B0390 /* GateView.m */,
				03712C5615D882F600EC9665 /* EqCurveView.h */,
				03712C5715D882F600EC9665 /* EqCurveView.m */,
				03712C5915D8ADC300EC9665 /* EqPointsView.h */,
				03712C5A15D8ADC300EC9665 /* EqPointsView.m */,
			);
			name = Views;
			sourceTree = "<group>";
		};
		03ADD56115BCFC0900EBDC71 = {
			isa = PBXGroup;
			children = (
				032504BA15EC8B37008B0E19 /* CoreLocation.framework */,
				032504B815EC8B2B008B0E19 /* MapKit.framework */,
				03ADD57615BCFC0900EBDC71 /* ReaperLive */,
				03ADD56F15BCFC0900EBDC71 /* Frameworks */,
				03ADD56D15BCFC0900EBDC71 /* Products */,
			);
			sourceTree = "<group>";
		};
		03ADD56D15BCFC0900EBDC71 /* Products */ = {
			isa = PBXGroup;
			children = (
				03ADD56C15BCFC0900EBDC71 /* TotalMixLive.app */,
			);
			name = Products;
			sourceTree = "<group>";
		};
		03ADD56F15BCFC0900EBDC71 /* Frameworks */ = {
			isa = PBXGroup;
			children = (
				032504A915EC89D1008B0E19 /* QuickDialog.xcodeproj */,
				03ADD57015BCFC0900EBDC71 /* UIKit.framework */,
				03ADD57215BCFC0900EBDC71 /* Foundation.framework */,
				03ADD57415BCFC0900EBDC71 /* CoreGraphics.framework */,
			);
			name = Frameworks;
			sourceTree = "<group>";
		};
		03ADD57615BCFC0900EBDC71 /* ReaperLive */ = {
			isa = PBXGroup;
			children = (
				03F2328215C26768009B0390 /* Classes */,
				03ADD57715BCFC0900EBDC71 /* Resources */,
				03F2328415C267C4009B0390 /* Other Sources */,
			);
			path = ReaperLive;
			sourceTree = "<group>";
		};
		03ADD57715BCFC0900EBDC71 /* Resources */ = {
			isa = PBXGroup;
			children = (
				03F2328715C268D8009B0390 /* NIBs */,
				03F2328515C267E9009B0390 /* Images */,
			);
			name = Resources;
			sourceTree = "<group>";
		};
		03F2328215C26768009B0390 /* Classes */ = {
			isa = PBXGroup;
			children = (
				03F2328915C2690E009B0390 /* AppDelegate */,
				0328372815F29F70000B29DC /* OSC */,
				0375A26715F3F4A300390740 /* Tracks */,
				0375A26B15F3FC0B00390740 /* Aux */,
				0375A26C15F3FC2200390740 /* Settings */,
				03F2328B15C26921009B0390 /* Models */,
				03F2328A15C2691D009B0390 /* Helpers */,
			);
			name = Classes;
			path = src;
			sourceTree = "<group>";
		};
		03F2328415C267C4009B0390 /* Other Sources */ = {
			isa = PBXGroup;
			children = (
				03ADD57815BCFC0900EBDC71 /* TotalMixLive-Info.plist */,
				03ADD57915BCFC0900EBDC71 /* InfoPlist.strings */,
				03ADD57C15BCFC0900EBDC71 /* main.m */,
				03ADD57E15BCFC0900EBDC71 /* TotalMixLive-Prefix.pch */,
				03BDCAA115D8DBCC0060456B /* Constants.h */,
			);
			name = "Other Sources";
			sourceTree = "<group>";
		};
		03F2328515C267E9009B0390 /* Images */ = {
			isa = PBXGroup;
			children = (
				0309E6E215D2405C004FDD58 /* @1x */,
			);
			name = Images;
			sourceTree = "<group>";
		};
		03F2328715C268D8009B0390 /* NIBs */ = {
			isa = PBXGroup;
			children = (
				039AD799167191C300980B62 /* TracksViewController.xib */,
				036181E415EB2DA3001FB621 /* AuxViewController.xib */,
				03ADD59415BD0CD100EBDC71 /* TrackTableCell.xib */,
				03F2327A15C0E4FB009B0390 /* GateView.xib */,
				03F2326D15C0E0E3009B0390 /* CompView.xib */,
				03F2327815C0E4E9009B0390 /* EQView.xib */,
			);
			name = NIBs;
			path = resources/nibs;
			sourceTree = "<group>";
		};
		03F2328915C2690E009B0390 /* AppDelegate */ = {
			isa = PBXGroup;
			children = (
				03ADD57F15BCFC0900EBDC71 /* AppDelegate.h */,
				03ADD58015BCFC0900EBDC71 /* AppDelegate.m */,
			);
			name = AppDelegate;
			sourceTree = "<group>";
		};
		03F2328A15C2691D009B0390 /* Helpers */ = {
			isa = PBXGroup;
			children = (
				0348F52015E9A58200992A0D /* Complex.h */,
				0348F52115E9A58200992A0D /* Complex.m */,
				03ADD59215BD0CD100EBDC71 /* TrackTableCell.h */,
				03ADD59315BD0CD100EBDC71 /* TrackTableCell.m */,
				0345FB5015D3660F009130E2 /* VerticalSlider.h */,
				0345FB5115D3660F009130E2 /* VerticalSlider.m */,
				03C867F415C6617E001ECCAD /* VolumeSlider.h */,
				03C867F515C6617E001ECCAD /* VolumeSlider.m */,
				03F3CD6E15D38552006AD784 /* MHRotaryKnob.h */,
				03F3CD6F15D38552006AD784 /* MHRotaryKnob.m */,
			);
			name = Helpers;
			sourceTree = "<group>";
		};
		03F2328B15C26921009B0390 /* Models */ = {
			isa = PBXGroup;
			children = (
				032F9241167EE48500C9B699 /* NSMutableArray+Tracks.h */,
				032F9242167EE48500C9B699 /* NSMutableArray+Tracks.m */,
				03ADD59715BD107F00EBDC71 /* Track.h */,
				03ADD59815BD107F00EBDC71 /* Track.m */,
				03306F4615E17F9E0094DF14 /* Eq.h */,
				03306F4715E17F9E0094DF14 /* Eq.m */,
			);
			name = Models;
			sourceTree = "<group>";
		};
/* End PBXGroup section */

/* Begin PBXNativeTarget section */
		03ADD56B15BCFC0900EBDC71 /* TotalMixLive */ = {
			isa = PBXNativeTarget;
			buildConfigurationList = 03ADD58A15BCFC0900EBDC71 /* Build configuration list for PBXNativeTarget "TotalMixLive" */;
			buildPhases = (
				03ADD56815BCFC0900EBDC71 /* Sources */,
				03ADD56915BCFC0900EBDC71 /* Frameworks */,
				03ADD56A15BCFC0900EBDC71 /* Resources */,
			);
			buildRules = (
			);
			dependencies = (
			);
			name = TotalMixLive;
			productName = ReaperLive;
			productReference = 03ADD56C15BCFC0900EBDC71 /* TotalMixLive.app */;
			productType = "com.apple.product-type.application";
		};
/* End PBXNativeTarget section */

/* Begin PBXProject section */
		03ADD56315BCFC0900EBDC71 /* Project object */ = {
			isa = PBXProject;
			attributes = {
				LastUpgradeCheck = 0430;
				ORGANIZATIONNAME = Self;
			};
			buildConfigurationList = 03ADD56615BCFC0900EBDC71 /* Build configuration list for PBXProject "TotalMixLive" */;
			compatibilityVersion = "Xcode 3.2";
			developmentRegion = English;
			hasScannedForEncodings = 0;
			knownRegions = (
				en,
			);
			mainGroup = 03ADD56115BCFC0900EBDC71;
			productRefGroup = 03ADD56D15BCFC0900EBDC71 /* Products */;
			projectDirPath = "";
			projectReferences = (
				{
					ProductGroup = 032504AA15EC89D1008B0E19 /* Products */;
					ProjectRef = 032504A915EC89D1008B0E19 /* QuickDialog.xcodeproj */;
				},
			);
			projectRoot = "";
			targets = (
				03ADD56B15BCFC0900EBDC71 /* TotalMixLive */,
			);
		};
/* End PBXProject section */

/* Begin PBXReferenceProxy section */
		032504B315EC89D2008B0E19 /* QuickDialogExample.app */ = {
			isa = PBXReferenceProxy;
			fileType = wrapper.application;
			path = QuickDialogExample.app;
			remoteRef = 032504B215EC89D2008B0E19 /* PBXContainerItemProxy */;
			sourceTree = BUILT_PRODUCTS_DIR;
		};
		032504B515EC89D2008B0E19 /* libQuickDialog.a */ = {
			isa = PBXReferenceProxy;
			fileType = archive.ar;
			path = libQuickDialog.a;
			remoteRef = 032504B415EC89D2008B0E19 /* PBXContainerItemProxy */;
			sourceTree = BUILT_PRODUCTS_DIR;
		};
/* End PBXReferenceProxy section */

/* Begin PBXResourcesBuildPhase section */
		03ADD56A15BCFC0900EBDC71 /* Resources */ = {
			isa = PBXResourcesBuildPhase;
			buildActionMask = 2147483647;
			files = (
				03ADD57B15BCFC0900EBDC71 /* InfoPlist.strings in Resources */,
				03ADD59515BD0FFE00EBDC71 /* TrackTableCell.xib in Resources */,
				03F2326E15C0E0E3009B0390 /* CompView.xib in Resources */,
				03F2327915C0E4E9009B0390 /* EQView.xib in Resources */,
				03F2327B15C0E4FB009B0390 /* GateView.xib in Resources */,
				0309E72115D24525004FDD58 /* TrackBkg.png in Resources */,
				0309E72215D24525004FDD58 /* CompBtn.png in Resources */,
				0309E72315D24525004FDD58 /* DetailedComp.png in Resources */,
				0309E72415D24525004FDD58 /* DetailedEQ.png in Resources */,
				0309E72515D24525004FDD58 /* DetailedGate.png in Resources */,
				0309E72615D24525004FDD58 /* EQBtn.png in Resources */,
				0309E72715D24525004FDD58 /* FaderCap.png in Resources */,
				0309E72815D24525004FDD58 /* GateBtn.png in Resources */,
				0309E72A15D24525004FDD58 /* MuteBtn.png in Resources */,
				0309E72B15D24525004FDD58 /* SoloBtn.png in Resources */,
				0309E74615D260FB004FDD58 /* VolumeSlider.png in Resources */,
				03712C4E15D82E4D00EC9665 /* Knob-Selector.png in Resources */,
				03712C4F15D82E4D00EC9665 /* Knob.png in Resources */,
				036181E515EB2DA3001FB621 /* AuxViewController.xib in Resources */,
				0328372B15F2F21A000B29DC /* MeterMax.png in Resources */,
				0328372C15F2F21A000B29DC /* MeterMin.png in Resources */,
				03B0FB7515FDB1E800DD81CC /* TracksIcon.png in Resources */,
				03D8BAB515FDBA1F006F3B90 /* CloseButton.png in Resources */,
				03D8BAB715FDBB38006F3B90 /* EQPoint.png in Resources */,
				03D8BAB915FDC94A006F3B90 /* SettingsIcon.png in Resources */,
				039AD79A167191C300980B62 /* TracksViewController.xib in Resources */,
			);
			runOnlyForDeploymentPostprocessing = 0;
		};
/* End PBXResourcesBuildPhase section */

/* Begin PBXSourcesBuildPhase section */
		03ADD56815BCFC0900EBDC71 /* Sources */ = {
			isa = PBXSourcesBuildPhase;
			buildActionMask = 2147483647;
			files = (
				03ADD57D15BCFC0900EBDC71 /* main.m in Sources */,
				03ADD58115BCFC0900EBDC71 /* AppDelegate.m in Sources */,
				03ADD58415BCFC0900EBDC71 /* TracksViewController.m in Sources */,
				03ADD59615BD102D00EBDC71 /* TrackTableCell.m in Sources */,
				03ADD59915BD107F00EBDC71 /* Track.m in Sources */,
				03F2326C15C0E0D1009B0390 /* CompView.m in Sources */,
				03F2327715C0E4DB009B0390 /* GateView.m in Sources */,
				03F292F815C63E3A007D1440 /* DetailedTrackViewController.m in Sources */,
				03C867F615C6617F001ECCAD /* VolumeSlider.m in Sources */,
				0345FB5215D3660F009130E2 /* VerticalSlider.m in Sources */,
				03F3CD7015D38552006AD784 /* MHRotaryKnob.m in Sources */,
				03712C5815D882F600EC9665 /* EqCurveView.m in Sources */,
				03712C5B15D8ADC400EC9665 /* EqPointsView.m in Sources */,
				03712C6215D8B62900EC9665 /* EqViewController.m in Sources */,
				03306F4815E17F9E0094DF14 /* Eq.m in Sources */,
				0348F52215E9A58300992A0D /* Complex.m in Sources */,
				036181DB15EB2214001FB621 /* AuxViewController.m in Sources */,
				032504C715EC998A008B0E19 /* SettingsViewController.m in Sources */,
				031C9D3E15EDECDC00ED2898 /* OSCManagerController.m in Sources */,
				03A40B1115F1D65A00CE0FAD /* EqButton.m in Sources */,
				03159B2415F5BE1C00B82888 /* Settings.m in Sources */,
				032F9243167EE48500C9B699 /* NSMutableArray+Tracks.m in Sources */,
			);
			runOnlyForDeploymentPostprocessing = 0;
		};
/* End PBXSourcesBuildPhase section */

/* Begin PBXVariantGroup section */
		03ADD57915BCFC0900EBDC71 /* InfoPlist.strings */ = {
			isa = PBXVariantGroup;
			children = (
				03ADD57A15BCFC0900EBDC71 /* en */,
			);
			name = InfoPlist.strings;
			sourceTree = "<group>";
		};
/* End PBXVariantGroup section */

/* Begin XCBuildConfiguration section */
		03ADD58815BCFC0900EBDC71 /* Debug */ = {
			isa = XCBuildConfiguration;
			buildSettings = {
				ALWAYS_SEARCH_USER_PATHS = NO;
				ARCHS = "$(ARCHS_STANDARD_32_BIT)";
				CLANG_ENABLE_OBJC_ARC = YES;
				"CODE_SIGN_IDENTITY[sdk=iphoneos*]" = "iPhone Developer";
				COPY_PHASE_STRIP = NO;
				GCC_C_LANGUAGE_STANDARD = gnu99;
				GCC_DYNAMIC_NO_PIC = NO;
				GCC_OPTIMIZATION_LEVEL = 0;
				GCC_PREPROCESSOR_DEFINITIONS = (
					"DEBUG=1",
					"$(inherited)",
				);
				GCC_SYMBOLS_PRIVATE_EXTERN = NO;
				GCC_VERSION = com.apple.compilers.llvm.clang.1_0;
				GCC_WARN_ABOUT_RETURN_TYPE = YES;
				GCC_WARN_UNINITIALIZED_AUTOS = YES;
				GCC_WARN_UNUSED_VARIABLE = YES;
				IPHONEOS_DEPLOYMENT_TARGET = 5.1;
				SDKROOT = iphoneos;
				TARGETED_DEVICE_FAMILY = 2;
			};
			name = Debug;
		};
		03ADD58915BCFC0900EBDC71 /* Release */ = {
			isa = XCBuildConfiguration;
			buildSettings = {
				ALWAYS_SEARCH_USER_PATHS = NO;
				ARCHS = "$(ARCHS_STANDARD_32_BIT)";
				CLANG_ENABLE_OBJC_ARC = YES;
				"CODE_SIGN_IDENTITY[sdk=iphoneos*]" = "iPhone Developer";
				COPY_PHASE_STRIP = YES;
				GCC_C_LANGUAGE_STANDARD = gnu99;
				GCC_VERSION = com.apple.compilers.llvm.clang.1_0;
				GCC_WARN_ABOUT_RETURN_TYPE = YES;
				GCC_WARN_UNINITIALIZED_AUTOS = YES;
				GCC_WARN_UNUSED_VARIABLE = YES;
				IPHONEOS_DEPLOYMENT_TARGET = 5.1;
				OTHER_CFLAGS = "-DNS_BLOCK_ASSERTIONS=1";
				SDKROOT = iphoneos;
				TARGETED_DEVICE_FAMILY = 2;
				VALIDATE_PRODUCT = YES;
			};
			name = Release;
		};
		03ADD58B15BCFC0900EBDC71 /* Debug */ = {
			isa = XCBuildConfiguration;
			buildSettings = {
				ADDITIONAL_SDKS = "$HOME/Library/SDKs/VVOSC/$(PLATFORM_NAME).sdk $HOME/Library/SDKs/VVBasics/$(PLATFORM_NAME).sdk";
				ALWAYS_SEARCH_USER_PATHS = YES;
				CODE_SIGN_IDENTITY = "iPhone Developer";
				GCC_PRECOMPILE_PREFIX_HEADER = YES;
				GCC_PREFIX_HEADER = "ReaperLive/TotalMixLive-Prefix.pch";
				INFOPLIST_FILE = "ReaperLive/TotalMixLive-Info.plist";
				OTHER_LDFLAGS = (
					"-ObjC",
					"-lVVOSC",
					"-lVVBasics",
				);
				PRODUCT_NAME = TotalMixLive;
				PROVISIONING_PROFILE = "";
				SDKROOT = iphoneos;
				USER_HEADER_SEARCH_PATHS = "\"${PROJECT_DIR}/QuickDialog\"/**";
				WRAPPER_EXTENSION = app;
			};
			name = Debug;
		};
		03ADD58C15BCFC0900EBDC71 /* Release */ = {
			isa = XCBuildConfiguration;
			buildSettings = {
				ADDITIONAL_SDKS = "$HOME/Library/SDKs/VVOSC/$(PLATFORM_NAME).sdk $HOME/Library/SDKs/VVBasics/$(PLATFORM_NAME).sdk";
				ALWAYS_SEARCH_USER_PATHS = YES;
				CODE_SIGN_IDENTITY = "iPhone Developer";
				GCC_PRECOMPILE_PREFIX_HEADER = YES;
				GCC_PREFIX_HEADER = "ReaperLive/TotalMixLive-Prefix.pch";
				INFOPLIST_FILE = "ReaperLive/TotalMixLive-Info.plist";
				OTHER_LDFLAGS = (
					"-ObjC",
					"-lVVOSC",
					"-lVVBasics",
				);
				PRODUCT_NAME = TotalMixLive;
				PROVISIONING_PROFILE = "";
				SDKROOT = iphoneos;
				USER_HEADER_SEARCH_PATHS = "\"${PROJECT_DIR}/QuickDialog\"/**";
				WRAPPER_EXTENSION = app;
			};
			name = Release;
		};
/* End XCBuildConfiguration section */

/* Begin XCConfigurationList section */
		03ADD56615BCFC0900EBDC71 /* Build configuration list for PBXProject "TotalMixLive" */ = {
			isa = XCConfigurationList;
			buildConfigurations = (
				03ADD58815BCFC0900EBDC71 /* Debug */,
				03ADD58915BCFC0900EBDC71 /* Release */,
			);
			defaultConfigurationIsVisible = 0;
			defaultConfigurationName = Release;
		};
		03ADD58A15BCFC0900EBDC71 /* Build configuration list for PBXNativeTarget "TotalMixLive" */ = {
			isa = XCConfigurationList;
			buildConfigurations = (
				03ADD58B15BCFC0900EBDC71 /* Debug */,
				03ADD58C15BCFC0900EBDC71 /* Release */,
			);
			defaultConfigurationIsVisible = 0;
			defaultConfigurationName = Release;
		};
/* End XCConfigurationList section */
	};
	rootObject = 03ADD56315BCFC0900EBDC71 /* Project object */;
}
